{
  "name": "CapstoneProject",
  "lockfileVersion": 3,
  "requires": true,
  "packages": {
    "": {
      "dependencies": {
        "@xata.io/client": "^0.30.1",
        "dotenv": "^16.5.0"
      }
    },
    "node_modules/@xata.io/client": {
      "version": "0.30.1",
      "resolved": "https://registry.npmjs.org/@xata.io/client/-/client-0.30.1.tgz",
      "integrity": "sha512-dAzDPHmIfenVIpF39m1elmW5ngjWu2mO8ZqJBN7dmYdXr98uhPANfLdVZnc3mUNG+NH37LqY1dSO862hIo2oRw==",
      "license": "Apache-2.0",
      "peerDependencies": {
        "typescript": ">=4.5"
      }
    },
    "node_modules/dotenv": {
      "version": "16.5.0",
      "resolved": "https://registry.npmjs.org/dotenv/-/dotenv-16.5.0.tgz",
      "integrity": "sha512-m/C+AwOAr9/W1UOIZUo232ejMNnJAJtYQjUbHoNTBNTJSvqzzDh7vnrei3o3r3m9blf6ZoDkvcw0VmozNRFJxg==",
      "license": "BSD-2-Clause",
      "engines": {
        "node": ">=12"
      },
      "funding": {
        "url": "https://dotenvx.com"
      }
    },
    "node_modules/typescript": {
      "version": "5.8.3",
      "resolved": "https://registry.npmjs.org/typescript/-/typescript-5.8.3.tgz",
      "integrity": "sha512-p1diW6TqL9L07nNxvRMM7hMMw4c5XOo/1ibL4aAIGmSAt9slTE1Xgw5KWuof2uTOvCg9BY7ZRi+GaF+7sfgPeQ==",
      "license": "Apache-2.0",
      "peer": true,
      "bin": {
        "tsc": "bin/tsc",
        "tsserver": "bin/tsserver"
      },
      "engines": {
        "node": ">=14.17"
      }
    }
  }
}
